
Microsoft Visual Studio Solution File, Format Version 12.00
# Visual Studio Version 17
VisualStudioVersion = 17.0.31903.59
MinimumVisualStudioVersion = 10.0.40219.1
Project("{2150E333-8FDC-42A3-9474-1A3956D46DE8}") = "src", "src", "{827E0CD3-B72D-47B6-A68D-7590B98EB39B}"
EndProject
Project("{FAE04EC0-301F-11D3-BF4B-00C04F79EFBC}") = "EmployeeManagement.Api", "src\EmployeeManagement.Api\EmployeeManagement.Api.csproj", "{5BDF0D95-80F3-453A-81AE-B16AB04A5742}"
EndProject
Project("{FAE04EC0-301F-11D3-BF4B-00C04F79EFBC}") = "EmployeeManagement.Domain", "src\EmployeeManagement.Domain\EmployeeManagement.Domain.csproj", "{89507BE8-AD4F-405E-97A5-7A9BB17B8E49}"
EndProject
Project("{FAE04EC0-301F-11D3-BF4B-00C04F79EFBC}") = "EmployeeManagement.Application", "src\EmployeeManagement.Application\EmployeeManagement.Application.csproj", "{53EB9D09-CA5F-42FE-9602-26E829A0C4FD}"
EndProject
Project("{FAE04EC0-301F-11D3-BF4B-00C04F79EFBC}") = "EmployeeManagement.Infrastructure", "src\EmployeeManagement.Infrastructure\EmployeeManagement.Infrastructure.csproj", "{C1F2A52B-75B6-41DE-9FD5-2DF1B89AD0E9}"
EndProject
Project("{2150E333-8FDC-42A3-9474-1A3956D46DE8}") = "tests", "tests", "{0AB3BF05-4346-4AA6-1389-037BE0695223}"
EndProject
Project("{FAE04EC0-301F-11D3-BF4B-00C04F79EFBC}") = "EmployeeManagement.Tests", "tests\EmployeeManagement.Tests\EmployeeManagement.Tests.csproj", "{A532D60A-B673-4A61-8B4E-7D7C97E8247B}"
EndProject
Global
	GlobalSection(SolutionConfigurationPlatforms) = preSolution
		Debug|Any CPU = Debug|Any CPU
		Debug|x64 = Debug|x64
		Debug|x86 = Debug|x86
		Release|Any CPU = Release|Any CPU
		Release|x64 = Release|x64
		Release|x86 = Release|x86
	EndGlobalSection
	GlobalSection(ProjectConfigurationPlatforms) = postSolution
		{5BDF0D95-80F3-453A-81AE-B16AB04A5742}.Debug|Any CPU.ActiveCfg = Debug|Any CPU
		{5BDF0D95-80F3-453A-81AE-B16AB04A5742}.Debug|Any CPU.Build.0 = Debug|Any CPU
		{5BDF0D95-80F3-453A-81AE-B16AB04A5742}.Debug|x64.ActiveCfg = Debug|Any CPU
		{5BDF0D95-80F3-453A-81AE-B16AB04A5742}.Debug|x64.Build.0 = Debug|Any CPU
		{5BDF0D95-80F3-453A-81AE-B16AB04A5742}.Debug|x86.ActiveCfg = Debug|Any CPU
		{5BDF0D95-80F3-453A-81AE-B16AB04A5742}.Debug|x86.Build.0 = Debug|Any CPU
		{5BDF0D95-80F3-453A-81AE-B16AB04A5742}.Release|Any CPU.ActiveCfg = Release|Any CPU
		{5BDF0D95-80F3-453A-81AE-B16AB04A5742}.Release|Any CPU.Build.0 = Release|Any CPU
		{5BDF0D95-80F3-453A-81AE-B16AB04A5742}.Release|x64.ActiveCfg = Release|Any CPU
		{5BDF0D95-80F3-453A-81AE-B16AB04A5742}.Release|x64.Build.0 = Release|Any CPU
		{5BDF0D95-80F3-453A-81AE-B16AB04A5742}.Release|x86.ActiveCfg = Release|Any CPU
		{5BDF0D95-80F3-453A-81AE-B16AB04A5742}.Release|x86.Build.0 = Release|Any CPU
		{89507BE8-AD4F-405E-97A5-7A9BB17B8E49}.Debug|Any CPU.ActiveCfg = Debug|Any CPU
		{89507BE8-AD4F-405E-97A5-7A9BB17B8E49}.Debug|Any CPU.Build.0 = Debug|Any CPU
		{89507BE8-AD4F-405E-97A5-7A9BB17B8E49}.Debug|x64.ActiveCfg = Debug|Any CPU
		{89507BE8-AD4F-405E-97A5-7A9BB17B8E49}.Debug|x64.Build.0 = Debug|Any CPU
		{89507BE8-AD4F-405E-97A5-7A9BB17B8E49}.Debug|x86.ActiveCfg = Debug|Any CPU
		{89507BE8-AD4F-405E-97A5-7A9BB17B8E49}.Debug|x86.Build.0 = Debug|Any CPU
		{89507BE8-AD4F-405E-97A5-7A9BB17B8E49}.Release|Any CPU.ActiveCfg = Release|Any CPU
		{89507BE8-AD4F-405E-97A5-7A9BB17B8E49}.Release|Any CPU.Build.0 = Release|Any CPU
		{89507BE8-AD4F-405E-97A5-7A9BB17B8E49}.Release|x64.ActiveCfg = Release|Any CPU
		{89507BE8-AD4F-405E-97A5-7A9BB17B8E49}.Release|x64.Build.0 = Release|Any CPU
		{89507BE8-AD4F-405E-97A5-7A9BB17B8E49}.Release|x86.ActiveCfg = Release|Any CPU
		{89507BE8-AD4F-405E-97A5-7A9BB17B8E49}.Release|x86.Build.0 = Release|Any CPU
		{53EB9D09-CA5F-42FE-9602-26E829A0C4FD}.Debug|Any CPU.ActiveCfg = Debug|Any CPU
		{53EB9D09-CA5F-42FE-9602-26E829A0C4FD}.Debug|Any CPU.Build.0 = Debug|Any CPU
		{53EB9D09-CA5F-42FE-9602-26E829A0C4FD}.Debug|x64.ActiveCfg = Debug|Any CPU
		{53EB9D09-CA5F-42FE-9602-26E829A0C4FD}.Debug|x64.Build.0 = Debug|Any CPU
		{53EB9D09-CA5F-42FE-9602-26E829A0C4FD}.Debug|x86.ActiveCfg = Debug|Any CPU
		{53EB9D09-CA5F-42FE-9602-26E829A0C4FD}.Debug|x86.Build.0 = Debug|Any CPU
		{53EB9D09-CA5F-42FE-9602-26E829A0C4FD}.Release|Any CPU.ActiveCfg = Release|Any CPU
		{53EB9D09-CA5F-42FE-9602-26E829A0C4FD}.Release|Any CPU.Build.0 = Release|Any CPU
		{53EB9D09-CA5F-42FE-9602-26E829A0C4FD}.Release|x64.ActiveCfg = Release|Any CPU
		{53EB9D09-CA5F-42FE-9602-26E829A0C4FD}.Release|x64.Build.0 = Release|Any CPU
		{53EB9D09-CA5F-42FE-9602-26E829A0C4FD}.Release|x86.ActiveCfg = Release|Any CPU
		{53EB9D09-CA5F-42FE-9602-26E829A0C4FD}.Release|x86.Build.0 = Release|Any CPU
		{C1F2A52B-75B6-41DE-9FD5-2DF1B89AD0E9}.Debug|Any CPU.ActiveCfg = Debug|Any CPU
		{C1F2A52B-75B6-41DE-9FD5-2DF1B89AD0E9}.Debug|Any CPU.Build.0 = Debug|Any CPU
		{C1F2A52B-75B6-41DE-9FD5-2DF1B89AD0E9}.Debug|x64.ActiveCfg = Debug|Any CPU
		{C1F2A52B-75B6-41DE-9FD5-2DF1B89AD0E9}.Debug|x64.Build.0 = Debug|Any CPU
		{C1F2A52B-75B6-41DE-9FD5-2DF1B89AD0E9}.Debug|x86.ActiveCfg = Debug|Any CPU
		{C1F2A52B-75B6-41DE-9FD5-2DF1B89AD0E9}.Debug|x86.Build.0 = Debug|Any CPU
		{C1F2A52B-75B6-41DE-9FD5-2DF1B89AD0E9}.Release|Any CPU.ActiveCfg = Release|Any CPU
		{C1F2A52B-75B6-41DE-9FD5-2DF1B89AD0E9}.Release|Any CPU.Build.0 = Release|Any CPU
		{C1F2A52B-75B6-41DE-9FD5-2DF1B89AD0E9}.Release|x64.ActiveCfg = Release|Any CPU
		{C1F2A52B-75B6-41DE-9FD5-2DF1B89AD0E9}.Release|x64.Build.0 = Release|Any CPU
		{C1F2A52B-75B6-41DE-9FD5-2DF1B89AD0E9}.Release|x86.ActiveCfg = Release|Any CPU
		{C1F2A52B-75B6-41DE-9FD5-2DF1B89AD0E9}.Release|x86.Build.0 = Release|Any CPU
		{A532D60A-B673-4A61-8B4E-7D7C97E8247B}.Debug|Any CPU.ActiveCfg = Debug|Any CPU
		{A532D60A-B673-4A61-8B4E-7D7C97E8247B}.Debug|Any CPU.Build.0 = Debug|Any CPU
		{A532D60A-B673-4A61-8B4E-7D7C97E8247B}.Debug|x64.ActiveCfg = Debug|Any CPU
		{A532D60A-B673-4A61-8B4E-7D7C97E8247B}.Debug|x64.Build.0 = Debug|Any CPU
		{A532D60A-B673-4A61-8B4E-7D7C97E8247B}.Debug|x86.ActiveCfg = Debug|Any CPU
		{A532D60A-B673-4A61-8B4E-7D7C97E8247B}.Debug|x86.Build.0 = Debug|Any CPU
		{A532D60A-B673-4A61-8B4E-7D7C97E8247B}.Release|Any CPU.ActiveCfg = Release|Any CPU
		{A532D60A-B673-4A61-8B4E-7D7C97E8247B}.Release|Any CPU.Build.0 = Release|Any CPU
		{A532D60A-B673-4A61-8B4E-7D7C97E8247B}.Release|x64.ActiveCfg = Release|Any CPU
		{A532D60A-B673-4A61-8B4E-7D7C97E8247B}.Release|x64.Build.0 = Release|Any CPU
		{A532D60A-B673-4A61-8B4E-7D7C97E8247B}.Release|x86.ActiveCfg = Release|Any CPU
		{A532D60A-B673-4A61-8B4E-7D7C97E8247B}.Release|x86.Build.0 = Release|Any CPU
	EndGlobalSection
	GlobalSection(SolutionProperties) = preSolution
		HideSolutionNode = FALSE
	EndGlobalSection
	GlobalSection(NestedProjects) = preSolution
		{5BDF0D95-80F3-453A-81AE-B16AB04A5742} = {827E0CD3-B72D-47B6-A68D-7590B98EB39B}
		{89507BE8-AD4F-405E-97A5-7A9BB17B8E49} = {827E0CD3-B72D-47B6-A68D-7590B98EB39B}
		{53EB9D09-CA5F-42FE-9602-26E829A0C4FD} = {827E0CD3-B72D-47B6-A68D-7590B98EB39B}
		{C1F2A52B-75B6-41DE-9FD5-2DF1B89AD0E9} = {827E0CD3-B72D-47B6-A68D-7590B98EB39B}
		{A532D60A-B673-4A61-8B4E-7D7C97E8247B} = {0AB3BF05-4346-4AA6-1389-037BE0695223}
	EndGlobalSection
EndGlobal
